// !$*UTF8*$!
{
	archiveVersion = 1;
	classes = {
	};
	objectVersion = 56;
	objects = {

/* Begin PBXBuildFile section */
		250314532D2DB323002EAE97 /* .env in Resources */ = {isa = PBXBuildFile; fileRef = 250314522D2DB323002EAE97 /* .env */; };
		2504E0F12D2EF4E1004CB534 /* BookViewModel.swift in Sources */ = {isa = PBXBuildFile; fileRef = 2504E0F02D2EF4E1004CB534 /* BookViewModel.swift */; };
		2530E7382C8A84C0000F5498 /* OnboardingView.swift in Sources */ = {isa = PBXBuildFile; fileRef = 2530E7372C8A84C0000F5498 /* OnboardingView.swift */; };
		253337C42CE4DC2100EFCC93 /* GoogleService-Info.plist in Resources */ = {isa = PBXBuildFile; fileRef = 253337C32CE4DC2100EFCC93 /* GoogleService-Info.plist */; };
		253337C62CE4FBD200EFCC93 /* kesitokur-app-books.json in Resources */ = {isa = PBXBuildFile; fileRef = 253337C52CE4FBD200EFCC93 /* kesitokur-app-books.json */; };
		253833BC2D32DCF900CDEA88 /* FavoritsManager.swift in Sources */ = {isa = PBXBuildFile; fileRef = 253833BB2D32DCF900CDEA88 /* FavoritsManager.swift */; };
		254B2A352C828EA10000E736 /* MainScreenView.swift in Sources */ = {isa = PBXBuildFile; fileRef = 254B2A342C828EA10000E736 /* MainScreenView.swift */; };
		255042EA2D28053B00A668DA /* KesitOkurAppTexts.swift in Sources */ = {isa = PBXBuildFile; fileRef = 255042E92D28053B00A668DA /* KesitOkurAppTexts.swift */; };
		255042EC2D28356E00A668DA /* ProfileView.swift in Sources */ = {isa = PBXBuildFile; fileRef = 255042EB2D28356E00A668DA /* ProfileView.swift */; };
		255042EE2D2835A400A668DA /* SettingsPageView.swift in Sources */ = {isa = PBXBuildFile; fileRef = 255042ED2D2835A400A668DA /* SettingsPageView.swift */; };
		255042F02D2835C300A668DA /* FavoritePageView.swift in Sources */ = {isa = PBXBuildFile; fileRef = 255042EF2D2835C300A668DA /* FavoritePageView.swift */; };
		2571B06D2BA67F5C00E41D93 /* KesitOkurApp.swift in Sources */ = {isa = PBXBuildFile; fileRef = 2571B06C2BA67F5C00E41D93 /* KesitOkurApp.swift */; };
		2571B06F2BA67F5C00E41D93 /* LoginPageView.swift in Sources */ = {isa = PBXBuildFile; fileRef = 2571B06E2BA67F5C00E41D93 /* LoginPageView.swift */; };
		2571B0712BA67F5E00E41D93 /* Assets.xcassets in Resources */ = {isa = PBXBuildFile; fileRef = 2571B0702BA67F5E00E41D93 /* Assets.xcassets */; };
		2571B0742BA67F5E00E41D93 /* Preview Assets.xcassets in Resources */ = {isa = PBXBuildFile; fileRef = 2571B0732BA67F5E00E41D93 /* Preview Assets.xcassets */; };
		2582ED102D32E4D300C9FB74 /* SearchView.swift in Sources */ = {isa = PBXBuildFile; fileRef = 2582ED0F2D32E4D300C9FB74 /* SearchView.swift */; };
		2582ED122D32F29800C9FB74 /* CustomColor.swift in Sources */ = {isa = PBXBuildFile; fileRef = 2582ED112D32F29800C9FB74 /* CustomColor.swift */; };
		259A02782CDE90890055FBFF /* FirebaseAnalytics in Frameworks */ = {isa = PBXBuildFile; productRef = 259A02772CDE90890055FBFF /* FirebaseAnalytics */; };
		259A027A2CDE90890055FBFF /* FirebaseAnalyticsOnDeviceConversion in Frameworks */ = {isa = PBXBuildFile; productRef = 259A02792CDE90890055FBFF /* FirebaseAnalyticsOnDeviceConversion */; };
		259A027C2CDE90890055FBFF /* FirebaseAnalyticsWithoutAdIdSupport in Frameworks */ = {isa = PBXBuildFile; productRef = 259A027B2CDE90890055FBFF /* FirebaseAnalyticsWithoutAdIdSupport */; };
		259A027E2CDE90890055FBFF /* FirebaseAppCheck in Frameworks */ = {isa = PBXBuildFile; productRef = 259A027D2CDE90890055FBFF /* FirebaseAppCheck */; };
		259A02802CDE90890055FBFF /* FirebaseAppDistribution-Beta in Frameworks */ = {isa = PBXBuildFile; productRef = 259A027F2CDE90890055FBFF /* FirebaseAppDistribution-Beta */; };
		259A02822CDE90890055FBFF /* FirebaseAuth in Frameworks */ = {isa = PBXBuildFile; productRef = 259A02812CDE90890055FBFF /* FirebaseAuth */; };
		259A02842CDE90890055FBFF /* FirebaseAuthCombine-Community in Frameworks */ = {isa = PBXBuildFile; productRef = 259A02832CDE90890055FBFF /* FirebaseAuthCombine-Community */; };
		259A02862CDE90890055FBFF /* FirebaseCore in Frameworks */ = {isa = PBXBuildFile; productRef = 259A02852CDE90890055FBFF /* FirebaseCore */; };
		259A02882CDE90890055FBFF /* FirebaseCrashlytics in Frameworks */ = {isa = PBXBuildFile; productRef = 259A02872CDE90890055FBFF /* FirebaseCrashlytics */; };
		259A028A2CDE90890055FBFF /* FirebaseDatabase in Frameworks */ = {isa = PBXBuildFile; productRef = 259A02892CDE90890055FBFF /* FirebaseDatabase */; };
		259A028C2CDE90890055FBFF /* FirebaseDynamicLinks in Frameworks */ = {isa = PBXBuildFile; productRef = 259A028B2CDE90890055FBFF /* FirebaseDynamicLinks */; };
		259A028E2CDE90890055FBFF /* FirebaseFirestore in Frameworks */ = {isa = PBXBuildFile; productRef = 259A028D2CDE90890055FBFF /* FirebaseFirestore */; };
		259A02902CDE90890055FBFF /* FirebaseFirestoreCombine-Community in Frameworks */ = {isa = PBXBuildFile; productRef = 259A028F2CDE90890055FBFF /* FirebaseFirestoreCombine-Community */; };
		259A02922CDE90890055FBFF /* FirebaseFunctions in Frameworks */ = {isa = PBXBuildFile; productRef = 259A02912CDE90890055FBFF /* FirebaseFunctions */; };
		259A02942CDE90890055FBFF /* FirebaseFunctionsCombine-Community in Frameworks */ = {isa = PBXBuildFile; productRef = 259A02932CDE90890055FBFF /* FirebaseFunctionsCombine-Community */; };
		259A02962CDE90890055FBFF /* FirebaseInAppMessaging-Beta in Frameworks */ = {isa = PBXBuildFile; productRef = 259A02952CDE90890055FBFF /* FirebaseInAppMessaging-Beta */; };
		259A02982CDE90890055FBFF /* FirebaseInstallations in Frameworks */ = {isa = PBXBuildFile; productRef = 259A02972CDE90890055FBFF /* FirebaseInstallations */; };
		259A029A2CDE90890055FBFF /* FirebaseMLModelDownloader in Frameworks */ = {isa = PBXBuildFile; productRef = 259A02992CDE90890055FBFF /* FirebaseMLModelDownloader */; };
		259A029C2CDE90890055FBFF /* FirebaseMessaging in Frameworks */ = {isa = PBXBuildFile; productRef = 259A029B2CDE90890055FBFF /* FirebaseMessaging */; };
		259A029E2CDE90890055FBFF /* FirebasePerformance in Frameworks */ = {isa = PBXBuildFile; productRef = 259A029D2CDE90890055FBFF /* FirebasePerformance */; };
		259A02A02CDE90890055FBFF /* FirebaseRemoteConfig in Frameworks */ = {isa = PBXBuildFile; productRef = 259A029F2CDE90890055FBFF /* FirebaseRemoteConfig */; };
		259A02A22CDE90890055FBFF /* FirebaseStorage in Frameworks */ = {isa = PBXBuildFile; productRef = 259A02A12CDE90890055FBFF /* FirebaseStorage */; };
		259A02A42CDE90890055FBFF /* FirebaseStorageCombine-Community in Frameworks */ = {isa = PBXBuildFile; productRef = 259A02A32CDE90890055FBFF /* FirebaseStorageCombine-Community */; };
		259A02A62CDE90890055FBFF /* FirebaseVertexAI in Frameworks */ = {isa = PBXBuildFile; productRef = 259A02A52CDE90890055FBFF /* FirebaseVertexAI */; };
		25B5544B2D2C3C1D00ADB13F /* UploadDataToFirestore.swift in Sources */ = {isa = PBXBuildFile; fileRef = 25B5544A2D2C3C1D00ADB13F /* UploadDataToFirestore.swift */; };
		25B5544E2D2C3D1000ADB13F /* uploadDataToFirestoreManually.swift in Sources */ = {isa = PBXBuildFile; fileRef = 25B5544D2D2C3D1000ADB13F /* uploadDataToFirestoreManually.swift */; };
		25B820A02C7BA593001C8954 /* BookModel.swift in Sources */ = {isa = PBXBuildFile; fileRef = 25B8209F2C7BA593001C8954 /* BookModel.swift */; };
		25D5E3742BAB719E00042FF2 /* WelcomeView.swift in Sources */ = {isa = PBXBuildFile; fileRef = 25D5E3732BAB719E00042FF2 /* WelcomeView.swift */; };
/* End PBXBuildFile section */

/* Begin PBXFileReference section */
		250314522D2DB323002EAE97 /* .env */ = {isa = PBXFileReference; lastKnownFileType = text; path = .env; sourceTree = "<group>"; };
		2504E0F02D2EF4E1004CB534 /* BookViewModel.swift */ = {isa = PBXFileReference; lastKnownFileType = sourcecode.swift; path = BookViewModel.swift; sourceTree = "<group>"; };
		2530E7372C8A84C0000F5498 /* OnboardingView.swift */ = {isa = PBXFileReference; lastKnownFileType = sourcecode.swift; path = OnboardingView.swift; sourceTree = "<group>"; };
		253337C32CE4DC2100EFCC93 /* GoogleService-Info.plist */ = {isa = PBXFileReference; fileEncoding = 4; lastKnownFileType = text.plist.xml; path = "GoogleService-Info.plist"; sourceTree = "<group>"; };
		253337C52CE4FBD200EFCC93 /* kesitokur-app-books.json */ = {isa = PBXFileReference; fileEncoding = 4; lastKnownFileType = text.json; path = "kesitokur-app-books.json"; sourceTree = "<group>"; };
		253833BB2D32DCF900CDEA88 /* FavoritsManager.swift */ = {isa = PBXFileReference; lastKnownFileType = sourcecode.swift; path = FavoritsManager.swift; sourceTree = "<group>"; };
		254B2A342C828EA10000E736 /* MainScreenView.swift */ = {isa = PBXFileReference; lastKnownFileType = sourcecode.swift; path = MainScreenView.swift; sourceTree = "<group>"; };
		255042E92D28053B00A668DA /* KesitOkurAppTexts.swift */ = {isa = PBXFileReference; lastKnownFileType = sourcecode.swift; path = KesitOkurAppTexts.swift; sourceTree = "<group>"; };
		255042EB2D28356E00A668DA /* ProfileView.swift */ = {isa = PBXFileReference; lastKnownFileType = sourcecode.swift; path = ProfileView.swift; sourceTree = "<group>"; };
		255042ED2D2835A400A668DA /* SettingsPageView.swift */ = {isa = PBXFileReference; lastKnownFileType = sourcecode.swift; path = SettingsPageView.swift; sourceTree = "<group>"; };
		255042EF2D2835C300A668DA /* FavoritePageView.swift */ = {isa = PBXFileReference; lastKnownFileType = sourcecode.swift; path = FavoritePageView.swift; sourceTree = "<group>"; };
		2571B0692BA67F5C00E41D93 /* KesitOkur.app */ = {isa = PBXFileReference; explicitFileType = wrapper.application; includeInIndex = 0; path = KesitOkur.app; sourceTree = BUILT_PRODUCTS_DIR; };
		2571B06C2BA67F5C00E41D93 /* KesitOkurApp.swift */ = {isa = PBXFileReference; lastKnownFileType = sourcecode.swift; path = KesitOkurApp.swift; sourceTree = "<group>"; };
		2571B06E2BA67F5C00E41D93 /* LoginPageView.swift */ = {isa = PBXFileReference; lastKnownFileType = sourcecode.swift; path = LoginPageView.swift; sourceTree = "<group>"; };
		2571B0702BA67F5E00E41D93 /* Assets.xcassets */ = {isa = PBXFileReference; lastKnownFileType = folder.assetcatalog; path = Assets.xcassets; sourceTree = "<group>"; };
		2571B0732BA67F5E00E41D93 /* Preview Assets.xcassets */ = {isa = PBXFileReference; lastKnownFileType = folder.assetcatalog; path = "Preview Assets.xcassets"; sourceTree = "<group>"; };
		2582ED0F2D32E4D300C9FB74 /* SearchView.swift */ = {isa = PBXFileReference; lastKnownFileType = sourcecode.swift; path = SearchView.swift; sourceTree = "<group>"; };
		2582ED112D32F29800C9FB74 /* CustomColor.swift */ = {isa = PBXFileReference; lastKnownFileType = sourcecode.swift; path = CustomColor.swift; sourceTree = "<group>"; };
		25B5544A2D2C3C1D00ADB13F /* UploadDataToFirestore.swift */ = {isa = PBXFileReference; lastKnownFileType = sourcecode.swift; path = UploadDataToFirestore.swift; sourceTree = "<group>"; };
		25B5544D2D2C3D1000ADB13F /* uploadDataToFirestoreManually.swift */ = {isa = PBXFileReference; lastKnownFileType = sourcecode.swift; path = uploadDataToFirestoreManually.swift; sourceTree = "<group>"; };
		25B8209F2C7BA593001C8954 /* BookModel.swift */ = {isa = PBXFileReference; lastKnownFileType = sourcecode.swift; path = BookModel.swift; sourceTree = "<group>"; };
		25D5E3732BAB719E00042FF2 /* WelcomeView.swift */ = {isa = PBXFileReference; lastKnownFileType = sourcecode.swift; path = WelcomeView.swift; sourceTree = "<group>"; };
/* End PBXFileReference section */

/* Begin PBXFrameworksBuildPhase section */
		2571B0662BA67F5C00E41D93 /* Frameworks */ = {
			isa = PBXFrameworksBuildPhase;
			buildActionMask = 2147483647;
			files = (
				259A02902CDE90890055FBFF /* FirebaseFirestoreCombine-Community in Frameworks */,
				259A02A62CDE90890055FBFF /* FirebaseVertexAI in Frameworks */,
				259A02922CDE90890055FBFF /* FirebaseFunctions in Frameworks */,
				259A029E2CDE90890055FBFF /* FirebasePerformance in Frameworks */,
				259A02A42CDE90890055FBFF /* FirebaseStorageCombine-Community in Frameworks */,
				259A02A02CDE90890055FBFF /* FirebaseRemoteConfig in Frameworks */,
				259A028A2CDE90890055FBFF /* FirebaseDatabase in Frameworks */,
				259A028C2CDE90890055FBFF /* FirebaseDynamicLinks in Frameworks */,
				259A027E2CDE90890055FBFF /* FirebaseAppCheck in Frameworks */,
				259A02822CDE90890055FBFF /* FirebaseAuth in Frameworks */,
				259A02782CDE90890055FBFF /* FirebaseAnalytics in Frameworks */,
				259A028E2CDE90890055FBFF /* FirebaseFirestore in Frameworks */,
				259A029C2CDE90890055FBFF /* FirebaseMessaging in Frameworks */,
				259A02982CDE90890055FBFF /* FirebaseInstallations in Frameworks */,
				259A02942CDE90890055FBFF /* FirebaseFunctionsCombine-Community in Frameworks */,
				259A02802CDE90890055FBFF /* FirebaseAppDistribution-Beta in Frameworks */,
				259A027C2CDE90890055FBFF /* FirebaseAnalyticsWithoutAdIdSupport in Frameworks */,
				259A02962CDE90890055FBFF /* FirebaseInAppMessaging-Beta in Frameworks */,
				259A02842CDE90890055FBFF /* FirebaseAuthCombine-Community in Frameworks */,
				259A02882CDE90890055FBFF /* FirebaseCrashlytics in Frameworks */,
				259A029A2CDE90890055FBFF /* FirebaseMLModelDownloader in Frameworks */,
				259A02A22CDE90890055FBFF /* FirebaseStorage in Frameworks */,
				259A02862CDE90890055FBFF /* FirebaseCore in Frameworks */,
				259A027A2CDE90890055FBFF /* FirebaseAnalyticsOnDeviceConversion in Frameworks */,
			);
			runOnlyForDeploymentPostprocessing = 0;
		};
/* End PBXFrameworksBuildPhase section */

/* Begin PBXGroup section */
		253337C72CE5473D00EFCC93 /* Resources */ = {
			isa = PBXGroup;
			children = (
				253337C32CE4DC2100EFCC93 /* GoogleService-Info.plist */,
			);
			path = Resources;
			sourceTree = "<group>";
		};
		2571B0602BA67F5C00E41D93 = {
			isa = PBXGroup;
			children = (
				2571B06B2BA67F5C00E41D93 /* KesitOkur */,
				2571B06A2BA67F5C00E41D93 /* Products */,
			);
			sourceTree = "<group>";
		};
		2571B06A2BA67F5C00E41D93 /* Products */ = {
			isa = PBXGroup;
			children = (
				2571B0692BA67F5C00E41D93 /* KesitOkur.app */,
			);
			name = Products;
			sourceTree = "<group>";
		};
		2571B06B2BA67F5C00E41D93 /* KesitOkur */ = {
			isa = PBXGroup;
			children = (
				2571B06C2BA67F5C00E41D93 /* KesitOkurApp.swift */,
				2571B06E2BA67F5C00E41D93 /* LoginPageView.swift */,
				2530E7372C8A84C0000F5498 /* OnboardingView.swift */,
				25D5E3732BAB719E00042FF2 /* WelcomeView.swift */,
				254B2A342C828EA10000E736 /* MainScreenView.swift */,
				253833BB2D32DCF900CDEA88 /* FavoritsManager.swift */,
				255042E92D28053B00A668DA /* KesitOkurAppTexts.swift */,
				25B8209F2C7BA593001C8954 /* BookModel.swift */,
				25B5544A2D2C3C1D00ADB13F /* UploadDataToFirestore.swift */,
				255042EF2D2835C300A668DA /* FavoritePageView.swift */,
				2582ED0F2D32E4D300C9FB74 /* SearchView.swift */,
				2582ED112D32F29800C9FB74 /* CustomColor.swift */,
				2504E0F02D2EF4E1004CB534 /* BookViewModel.swift */,
				25B5544D2D2C3D1000ADB13F /* uploadDataToFirestoreManually.swift */,
				255042ED2D2835A400A668DA /* SettingsPageView.swift */,
				255042EB2D28356E00A668DA /* ProfileView.swift */,
				253337C52CE4FBD200EFCC93 /* kesitokur-app-books.json */,
				250314522D2DB323002EAE97 /* .env */,
				253337C72CE5473D00EFCC93 /* Resources */,
				2571B0702BA67F5E00E41D93 /* Assets.xcassets */,
				2571B0722BA67F5E00E41D93 /* Preview Content */,
			);
			path = KesitOkur;
			sourceTree = "<group>";
		};
		2571B0722BA67F5E00E41D93 /* Preview Content */ = {
			isa = PBXGroup;
			children = (
				2571B0732BA67F5E00E41D93 /* Preview Assets.xcassets */,
			);
			path = "Preview Content";
			sourceTree = "<group>";
		};
/* End PBXGroup section */

/* Begin PBXNativeTarget section */
		2571B0682BA67F5C00E41D93 /* KesitOkur */ = {
			isa = PBXNativeTarget;
			buildConfigurationList = 2571B0772BA67F5E00E41D93 /* Build configuration list for PBXNativeTarget "KesitOkur" */;
			buildPhases = (
				2571B0652BA67F5C00E41D93 /* Sources */,
				2571B0662BA67F5C00E41D93 /* Frameworks */,
				2571B0672BA67F5C00E41D93 /* Resources */,
			);
			buildRules = (
			);
			dependencies = (
			);
			name = KesitOkur;
			packageProductDependencies = (
				259A02772CDE90890055FBFF /* FirebaseAnalytics */,
				259A02792CDE90890055FBFF /* FirebaseAnalyticsOnDeviceConversion */,
				259A027B2CDE90890055FBFF /* FirebaseAnalyticsWithoutAdIdSupport */,
				259A027D2CDE90890055FBFF /* FirebaseAppCheck */,
				259A027F2CDE90890055FBFF /* FirebaseAppDistribution-Beta */,
				259A02812CDE90890055FBFF /* FirebaseAuth */,
				259A02832CDE90890055FBFF /* FirebaseAuthCombine-Community */,
				259A02852CDE90890055FBFF /* FirebaseCore */,
				259A02872CDE90890055FBFF /* FirebaseCrashlytics */,
				259A02892CDE90890055FBFF /* FirebaseDatabase */,
				259A028B2CDE90890055FBFF /* FirebaseDynamicLinks */,
				259A028D2CDE90890055FBFF /* FirebaseFirestore */,
				259A028F2CDE90890055FBFF /* FirebaseFirestoreCombine-Community */,
				259A02912CDE90890055FBFF /* FirebaseFunctions */,
				259A02932CDE90890055FBFF /* FirebaseFunctionsCombine-Community */,
				259A02952CDE90890055FBFF /* FirebaseInAppMessaging-Beta */,
				259A02972CDE90890055FBFF /* FirebaseInstallations */,
				259A02992CDE90890055FBFF /* FirebaseMLModelDownloader */,
				259A029B2CDE90890055FBFF /* FirebaseMessaging */,
				259A029D2CDE90890055FBFF /* FirebasePerformance */,
				259A029F2CDE90890055FBFF /* FirebaseRemoteConfig */,
				259A02A12CDE90890055FBFF /* FirebaseStorage */,
				259A02A32CDE90890055FBFF /* FirebaseStorageCombine-Community */,
				259A02A52CDE90890055FBFF /* FirebaseVertexAI */,
			);
			productName = KesitOkur;
			productReference = 2571B0692BA67F5C00E41D93 /* KesitOkur.app */;
			productType = "com.apple.product-type.application";
		};
/* End PBXNativeTarget section */

/* Begin PBXProject section */
		2571B0612BA67F5C00E41D93 /* Project object */ = {
			isa = PBXProject;
			attributes = {
				BuildIndependentTargetsInParallel = 1;
				LastSwiftUpdateCheck = 1500;
				LastUpgradeCheck = 1500;
				TargetAttributes = {
					2571B0682BA67F5C00E41D93 = {
						CreatedOnToolsVersion = 15.0.1;
					};
				};
			};
			buildConfigurationList = 2571B0642BA67F5C00E41D93 /* Build configuration list for PBXProject "KesitOkur" */;
			compatibilityVersion = "Xcode 14.0";
			developmentRegion = en;
			hasScannedForEncodings = 0;
			knownRegions = (
				en,
				Base,
			);
			mainGroup = 2571B0602BA67F5C00E41D93;
			packageReferences = (
				259A02762CDE90890055FBFF /* XCRemoteSwiftPackageReference "firebase-ios-sdk" */,
			);
			productRefGroup = 2571B06A2BA67F5C00E41D93 /* Products */;
			projectDirPath = "";
			projectRoot = "";
			targets = (
				2571B0682BA67F5C00E41D93 /* KesitOkur */,
			);
		};
/* End PBXProject section */

/* Begin PBXResourcesBuildPhase section */
		2571B0672BA67F5C00E41D93 /* Resources */ = {
			isa = PBXResourcesBuildPhase;
			buildActionMask = 2147483647;
			files = (
				250314532D2DB323002EAE97 /* .env in Resources */,
				2571B0742BA67F5E00E41D93 /* Preview Assets.xcassets in Resources */,
				2571B0712BA67F5E00E41D93 /* Assets.xcassets in Resources */,
				253337C62CE4FBD200EFCC93 /* kesitokur-app-books.json in Resources */,
				253337C42CE4DC2100EFCC93 /* GoogleService-Info.plist in Resources */,
			);
			runOnlyForDeploymentPostprocessing = 0;
		};
/* End PBXResourcesBuildPhase section */

/* Begin PBXSourcesBuildPhase section */
		2571B0652BA67F5C00E41D93 /* Sources */ = {
			isa = PBXSourcesBuildPhase;
			buildActionMask = 2147483647;
			files = (
				2571B06F2BA67F5C00E41D93 /* LoginPageView.swift in Sources */,
				2504E0F12D2EF4E1004CB534 /* BookViewModel.swift in Sources */,
				255042EC2D28356E00A668DA /* ProfileView.swift in Sources */,
				25B5544E2D2C3D1000ADB13F /* uploadDataToFirestoreManually.swift in Sources */,
				25B820A02C7BA593001C8954 /* BookModel.swift in Sources */,
				25B5544B2D2C3C1D00ADB13F /* UploadDataToFirestore.swift in Sources */,
				2582ED122D32F29800C9FB74 /* CustomColor.swift in Sources */,
				255042EA2D28053B00A668DA /* KesitOkurAppTexts.swift in Sources */,
				25D5E3742BAB719E00042FF2 /* WelcomeView.swift in Sources */,
				255042F02D2835C300A668DA /* FavoritePageView.swift in Sources */,
				255042EE2D2835A400A668DA /* SettingsPageView.swift in Sources */,
				2530E7382C8A84C0000F5498 /* OnboardingView.swift in Sources */,
				2582ED102D32E4D300C9FB74 /* SearchView.swift in Sources */,
				2571B06D2BA67F5C00E41D93 /* KesitOkurApp.swift in Sources */,
				254B2A352C828EA10000E736 /* MainScreenView.swift in Sources */,
				253833BC2D32DCF900CDEA88 /* FavoritsManager.swift in Sources */,
			);
			runOnlyForDeploymentPostprocessing = 0;
		};
/* End PBXSourcesBuildPhase section */

/* Begin XCBuildConfiguration section */
		2571B0752BA67F5E00E41D93 /* Debug */ = {
			isa = XCBuildConfiguration;
			buildSettings = {
				ALWAYS_SEARCH_USER_PATHS = NO;
				ASSETCATALOG_COMPILER_GENERATE_SWIFT_ASSET_SYMBOL_EXTENSIONS = YES;
				CLANG_ANALYZER_NONNULL = YES;
				CLANG_ANALYZER_NUMBER_OBJECT_CONVERSION = YES_AGGRESSIVE;
				CLANG_CXX_LANGUAGE_STANDARD = "gnu++20";
				CLANG_ENABLE_MODULES = YES;
				CLANG_ENABLE_OBJC_ARC = YES;
				CLANG_ENABLE_OBJC_WEAK = YES;
				CLANG_WARN_BLOCK_CAPTURE_AUTORELEASING = YES;
				CLANG_WARN_BOOL_CONVERSION = YES;
				CLANG_WARN_COMMA = YES;
				CLANG_WARN_CONSTANT_CONVERSION = YES;
				CLANG_WARN_DEPRECATED_OBJC_IMPLEMENTATIONS = YES;
				CLANG_WARN_DIRECT_OBJC_ISA_USAGE = YES_ERROR;
				CLANG_WARN_DOCUMENTATION_COMMENTS = YES;
				CLANG_WARN_EMPTY_BODY = YES;
				CLANG_WARN_ENUM_CONVERSION = YES;
				CLANG_WARN_INFINITE_RECURSION = YES;
				CLANG_WARN_INT_CONVERSION = YES;
				CLANG_WARN_NON_LITERAL_NULL_CONVERSION = YES;
				CLANG_WARN_OBJC_IMPLICIT_RETAIN_SELF = YES;
				CLANG_WARN_OBJC_LITERAL_CONVERSION = YES;
				CLANG_WARN_OBJC_ROOT_CLASS = YES_ERROR;
				CLANG_WARN_QUOTED_INCLUDE_IN_FRAMEWORK_HEADER = YES;
				CLANG_WARN_RANGE_LOOP_ANALYSIS = YES;
				CLANG_WARN_STRICT_PROTOTYPES = YES;
				CLANG_WARN_SUSPICIOUS_MOVE = YES;
				CLANG_WARN_UNGUARDED_AVAILABILITY = YES_AGGRESSIVE;
				CLANG_WARN_UNREACHABLE_CODE = YES;
				CLANG_WARN__DUPLICATE_METHOD_MATCH = YES;
				COPY_PHASE_STRIP = NO;
				DEBUG_INFORMATION_FORMAT = dwarf;
				ENABLE_STRICT_OBJC_MSGSEND = YES;
				ENABLE_TESTABILITY = YES;
				ENABLE_USER_SCRIPT_SANDBOXING = YES;
				GCC_C_LANGUAGE_STANDARD = gnu17;
				GCC_DYNAMIC_NO_PIC = NO;
				GCC_NO_COMMON_BLOCKS = YES;
				GCC_OPTIMIZATION_LEVEL = 0;
				GCC_PREPROCESSOR_DEFINITIONS = (
					"DEBUG=1",
					"$(inherited)",
				);
				GCC_WARN_64_TO_32_BIT_CONVERSION = YES;
				GCC_WARN_ABOUT_RETURN_TYPE = YES_ERROR;
				GCC_WARN_UNDECLARED_SELECTOR = YES;
				GCC_WARN_UNINITIALIZED_AUTOS = YES_AGGRESSIVE;
				GCC_WARN_UNUSED_FUNCTION = YES;
				GCC_WARN_UNUSED_VARIABLE = YES;
				IPHONEOS_DEPLOYMENT_TARGET = 17.0;
				LOCALIZATION_PREFERS_STRING_CATALOGS = YES;
				MTL_ENABLE_DEBUG_INFO = INCLUDE_SOURCE;
				MTL_FAST_MATH = YES;
				ONLY_ACTIVE_ARCH = YES;
				SDKROOT = iphoneos;
				SWIFT_ACTIVE_COMPILATION_CONDITIONS = "DEBUG $(inherited)";
				SWIFT_OPTIMIZATION_LEVEL = "-Onone";
			};
			name = Debug;
		};
		2571B0762BA67F5E00E41D93 /* Release */ = {
			isa = XCBuildConfiguration;
			buildSettings = {
				ALWAYS_SEARCH_USER_PATHS = NO;
				ASSETCATALOG_COMPILER_GENERATE_SWIFT_ASSET_SYMBOL_EXTENSIONS = YES;
				CLANG_ANALYZER_NONNULL = YES;
				CLANG_ANALYZER_NUMBER_OBJECT_CONVERSION = YES_AGGRESSIVE;
				CLANG_CXX_LANGUAGE_STANDARD = "gnu++20";
				CLANG_ENABLE_MODULES = YES;
				CLANG_ENABLE_OBJC_ARC = YES;
				CLANG_ENABLE_OBJC_WEAK = YES;
				CLANG_WARN_BLOCK_CAPTURE_AUTORELEASING = YES;
				CLANG_WARN_BOOL_CONVERSION = YES;
				CLANG_WARN_COMMA = YES;
				CLANG_WARN_CONSTANT_CONVERSION = YES;
				CLANG_WARN_DEPRECATED_OBJC_IMPLEMENTATIONS = YES;
				CLANG_WARN_DIRECT_OBJC_ISA_USAGE = YES_ERROR;
				CLANG_WARN_DOCUMENTATION_COMMENTS = YES;
				CLANG_WARN_EMPTY_BODY = YES;
				CLANG_WARN_ENUM_CONVERSION = YES;
				CLANG_WARN_INFINITE_RECURSION = YES;
				CLANG_WARN_INT_CONVERSION = YES;
				CLANG_WARN_NON_LITERAL_NULL_CONVERSION = YES;
				CLANG_WARN_OBJC_IMPLICIT_RETAIN_SELF = YES;
				CLANG_WARN_OBJC_LITERAL_CONVERSION = YES;
				CLANG_WARN_OBJC_ROOT_CLASS = YES_ERROR;
				CLANG_WARN_QUOTED_INCLUDE_IN_FRAMEWORK_HEADER = YES;
				CLANG_WARN_RANGE_LOOP_ANALYSIS = YES;
				CLANG_WARN_STRICT_PROTOTYPES = YES;
				CLANG_WARN_SUSPICIOUS_MOVE = YES;
				CLANG_WARN_UNGUARDED_AVAILABILITY = YES_AGGRESSIVE;
				CLANG_WARN_UNREACHABLE_CODE = YES;
				CLANG_WARN__DUPLICATE_METHOD_MATCH = YES;
				COPY_PHASE_STRIP = NO;
				DEBUG_INFORMATION_FORMAT = "dwarf-with-dsym";
				ENABLE_NS_ASSERTIONS = NO;
				ENABLE_STRICT_OBJC_MSGSEND = YES;
				ENABLE_USER_SCRIPT_SANDBOXING = YES;
				GCC_C_LANGUAGE_STANDARD = gnu17;
				GCC_NO_COMMON_BLOCKS = YES;
				GCC_WARN_64_TO_32_BIT_CONVERSION = YES;
				GCC_WARN_ABOUT_RETURN_TYPE = YES_ERROR;
				GCC_WARN_UNDECLARED_SELECTOR = YES;
				GCC_WARN_UNINITIALIZED_AUTOS = YES_AGGRESSIVE;
				GCC_WARN_UNUSED_FUNCTION = YES;
				GCC_WARN_UNUSED_VARIABLE = YES;
				IPHONEOS_DEPLOYMENT_TARGET = 17.0;
				LOCALIZATION_PREFERS_STRING_CATALOGS = YES;
				MTL_ENABLE_DEBUG_INFO = NO;
				MTL_FAST_MATH = YES;
				SDKROOT = iphoneos;
				SWIFT_COMPILATION_MODE = wholemodule;
				VALIDATE_PRODUCT = YES;
			};
			name = Release;
		};
		2571B0782BA67F5E00E41D93 /* Debug */ = {
			isa = XCBuildConfiguration;
			buildSettings = {
				ASSETCATALOG_COMPILER_APPICON_NAME = AppIcon;
				ASSETCATALOG_COMPILER_GLOBAL_ACCENT_COLOR_NAME = AccentColor;
				CODE_SIGN_STYLE = Automatic;
				CURRENT_PROJECT_VERSION = 1;
				DEVELOPMENT_ASSET_PATHS = "\"KesitOkur/Preview Content\"";
				DEVELOPMENT_TEAM = CH9JNTBN75;
				ENABLE_PREVIEWS = YES;
				GENERATE_INFOPLIST_FILE = YES;
				INFOPLIST_KEY_UIApplicationSceneManifest_Generation = YES;
				INFOPLIST_KEY_UIApplicationSupportsIndirectInputEvents = YES;
				INFOPLIST_KEY_UILaunchScreen_Generation = YES;
				INFOPLIST_KEY_UISupportedInterfaceOrientations_iPad = "UIInterfaceOrientationPortrait UIInterfaceOrientationPortraitUpsideDown UIInterfaceOrientationLandscapeLeft UIInterfaceOrientationLandscapeRight";
				INFOPLIST_KEY_UISupportedInterfaceOrientations_iPhone = "UIInterfaceOrientationPortrait UIInterfaceOrientationLandscapeLeft UIInterfaceOrientationLandscapeRight";
				IPHONEOS_DEPLOYMENT_TARGET = 15.6;
				LD_RUNPATH_SEARCH_PATHS = (
					"$(inherited)",
					"@executable_path/Frameworks",
				);
				MARKETING_VERSION = 1.0;
				PRODUCT_BUNDLE_IDENTIFIER = muratisik.KesitOkur;
				PRODUCT_NAME = "$(TARGET_NAME)";
				SWIFT_EMIT_LOC_STRINGS = YES;
				SWIFT_VERSION = 5.0;
				TARGETED_DEVICE_FAMILY = "1,2";
			};
			name = Debug;
		};
		2571B0792BA67F5E00E41D93 /* Release */ = {
			isa = XCBuildConfiguration;
			buildSettings = {
				ASSETCATALOG_COMPILER_APPICON_NAME = AppIcon;
				ASSETCATALOG_COMPILER_GLOBAL_ACCENT_COLOR_NAME = AccentColor;
				CODE_SIGN_STYLE = Automatic;
				CURRENT_PROJECT_VERSION = 1;
				DEVELOPMENT_ASSET_PATHS = "\"KesitOkur/Preview Content\"";
				DEVELOPMENT_TEAM = CH9JNTBN75;
				ENABLE_PREVIEWS = YES;
				GENERATE_INFOPLIST_FILE = YES;
				INFOPLIST_KEY_UIApplicationSceneManifest_Generation = YES;
				INFOPLIST_KEY_UIApplicationSupportsIndirectInputEvents = YES;
				INFOPLIST_KEY_UILaunchScreen_Generation = YES;
				INFOPLIST_KEY_UISupportedInterfaceOrientations_iPad = "UIInterfaceOrientationPortrait UIInterfaceOrientationPortraitUpsideDown UIInterfaceOrientationLandscapeLeft UIInterfaceOrientationLandscapeRight";
				INFOPLIST_KEY_UISupportedInterfaceOrientations_iPhone = "UIInterfaceOrientationPortrait UIInterfaceOrientationLandscapeLeft UIInterfaceOrientationLandscapeRight";
				IPHONEOS_DEPLOYMENT_TARGET = 15.6;
				LD_RUNPATH_SEARCH_PATHS = (
					"$(inherited)",
					"@executable_path/Frameworks",
				);
				MARKETING_VERSION = 1.0;
				PRODUCT_BUNDLE_IDENTIFIER = muratisik.KesitOkur;
				PRODUCT_NAME = "$(TARGET_NAME)";
				SWIFT_EMIT_LOC_STRINGS = YES;
				SWIFT_VERSION = 5.0;
				TARGETED_DEVICE_FAMILY = "1,2";
			};
			name = Release;
		};
/* End XCBuildConfiguration section */

/* Begin XCConfigurationList section */
		2571B0642BA67F5C00E41D93 /* Build configuration list for PBXProject "KesitOkur" */ = {
			isa = XCConfigurationList;
			buildConfigurations = (
				2571B0752BA67F5E00E41D93 /* Debug */,
				2571B0762BA67F5E00E41D93 /* Release */,
			);
			defaultConfigurationIsVisible = 0;
			defaultConfigurationName = Release;
		};
		2571B0772BA67F5E00E41D93 /* Build configuration list for PBXNativeTarget "KesitOkur" */ = {
			isa = XCConfigurationList;
			buildConfigurations = (
				2571B0782BA67F5E00E41D93 /* Debug */,
				2571B0792BA67F5E00E41D93 /* Release */,
			);
			defaultConfigurationIsVisible = 0;
			defaultConfigurationName = Release;
		};
/* End XCConfigurationList section */

/* Begin XCRemoteSwiftPackageReference section */
		259A02762CDE90890055FBFF /* XCRemoteSwiftPackageReference "firebase-ios-sdk" */ = {
			isa = XCRemoteSwiftPackageReference;
			repositoryURL = "https://github.com/firebase/firebase-ios-sdk";
			requirement = {
				kind = upToNextMajorVersion;
				minimumVersion = 11.4.0;
			};
		};
/* End XCRemoteSwiftPackageReference section */

/* Begin XCSwiftPackageProductDependency section */
		259A02772CDE90890055FBFF /* FirebaseAnalytics */ = {
			isa = XCSwiftPackageProductDependency;
			package = 259A02762CDE90890055FBFF /* XCRemoteSwiftPackageReference "firebase-ios-sdk" */;
			productName = FirebaseAnalytics;
		};
		259A02792CDE90890055FBFF /* FirebaseAnalyticsOnDeviceConversion */ = {
			isa = XCSwiftPackageProductDependency;
			package = 259A02762CDE90890055FBFF /* XCRemoteSwiftPackageReference "firebase-ios-sdk" */;
			productName = FirebaseAnalyticsOnDeviceConversion;
		};
		259A027B2CDE90890055FBFF /* FirebaseAnalyticsWithoutAdIdSupport */ = {
			isa = XCSwiftPackageProductDependency;
			package = 259A02762CDE90890055FBFF /* XCRemoteSwiftPackageReference "firebase-ios-sdk" */;
			productName = FirebaseAnalyticsWithoutAdIdSupport;
		};
		259A027D2CDE90890055FBFF /* FirebaseAppCheck */ = {
			isa = XCSwiftPackageProductDependency;
			package = 259A02762CDE90890055FBFF /* XCRemoteSwiftPackageReference "firebase-ios-sdk" */;
			productName = FirebaseAppCheck;
		};
		259A027F2CDE90890055FBFF /* FirebaseAppDistribution-Beta */ = {
			isa = XCSwiftPackageProductDependency;
			package = 259A02762CDE90890055FBFF /* XCRemoteSwiftPackageReference "firebase-ios-sdk" */;
			productName = "FirebaseAppDistribution-Beta";
		};
		259A02812CDE90890055FBFF /* FirebaseAuth */ = {
			isa = XCSwiftPackageProductDependency;
			package = 259A02762CDE90890055FBFF /* XCRemoteSwiftPackageReference "firebase-ios-sdk" */;
			productName = FirebaseAuth;
		};
		259A02832CDE90890055FBFF /* FirebaseAuthCombine-Community */ = {
			isa = XCSwiftPackageProductDependency;
			package = 259A02762CDE90890055FBFF /* XCRemoteSwiftPackageReference "firebase-ios-sdk" */;
			productName = "FirebaseAuthCombine-Community";
		};
		259A02852CDE90890055FBFF /* FirebaseCore */ = {
			isa = XCSwiftPackageProductDependency;
			package = 259A02762CDE90890055FBFF /* XCRemoteSwiftPackageReference "firebase-ios-sdk" */;
			productName = FirebaseCore;
		};
		259A02872CDE90890055FBFF /* FirebaseCrashlytics */ = {
			isa = XCSwiftPackageProductDependency;
			package = 259A02762CDE90890055FBFF /* XCRemoteSwiftPackageReference "firebase-ios-sdk" */;
			productName = FirebaseCrashlytics;
		};
		259A02892CDE90890055FBFF /* FirebaseDatabase */ = {
			isa = XCSwiftPackageProductDependency;
			package = 259A02762CDE90890055FBFF /* XCRemoteSwiftPackageReference "firebase-ios-sdk" */;
			productName = FirebaseDatabase;
		};
		259A028B2CDE90890055FBFF /* FirebaseDynamicLinks */ = {
			isa = XCSwiftPackageProductDependency;
			package = 259A02762CDE90890055FBFF /* XCRemoteSwiftPackageReference "firebase-ios-sdk" */;
			productName = FirebaseDynamicLinks;
		};
		259A028D2CDE90890055FBFF /* FirebaseFirestore */ = {
			isa = XCSwiftPackageProductDependency;
			package = 259A02762CDE90890055FBFF /* XCRemoteSwiftPackageReference "firebase-ios-sdk" */;
			productName = FirebaseFirestore;
		};
		259A028F2CDE90890055FBFF /* FirebaseFirestoreCombine-Community */ = {
			isa = XCSwiftPackageProductDependency;
			package = 259A02762CDE90890055FBFF /* XCRemoteSwiftPackageReference "firebase-ios-sdk" */;
			productName = "FirebaseFirestoreCombine-Community";
		};
		259A02912CDE90890055FBFF /* FirebaseFunctions */ = {
			isa = XCSwiftPackageProductDependency;
			package = 259A02762CDE90890055FBFF /* XCRemoteSwiftPackageReference "firebase-ios-sdk" */;
			productName = FirebaseFunctions;
		};
		259A02932CDE90890055FBFF /* FirebaseFunctionsCombine-Community */ = {
			isa = XCSwiftPackageProductDependency;
			package = 259A02762CDE90890055FBFF /* XCRemoteSwiftPackageReference "firebase-ios-sdk" */;
			productName = "FirebaseFunctionsCombine-Community";
		};
		259A02952CDE90890055FBFF /* FirebaseInAppMessaging-Beta */ = {
			isa = XCSwiftPackageProductDependency;
			package = 259A02762CDE90890055FBFF /* XCRemoteSwiftPackageReference "firebase-ios-sdk" */;
			productName = "FirebaseInAppMessaging-Beta";
		};
		259A02972CDE90890055FBFF /* FirebaseInstallations */ = {
			isa = XCSwiftPackageProductDependency;
			package = 259A02762CDE90890055FBFF /* XCRemoteSwiftPackageReference "firebase-ios-sdk" */;
			productName = FirebaseInstallations;
		};
		259A02992CDE90890055FBFF /* FirebaseMLModelDownloader */ = {
			isa = XCSwiftPackageProductDependency;
			package = 259A02762CDE90890055FBFF /* XCRemoteSwiftPackageReference "firebase-ios-sdk" */;
			productName = FirebaseMLModelDownloader;
		};
		259A029B2CDE90890055FBFF /* FirebaseMessaging */ = {
			isa = XCSwiftPackageProductDependency;
			package = 259A02762CDE90890055FBFF /* XCRemoteSwiftPackageReference "firebase-ios-sdk" */;
			productName = FirebaseMessaging;
		};
		259A029D2CDE90890055FBFF /* FirebasePerformance */ = {
			isa = XCSwiftPackageProductDependency;
			package = 259A02762CDE90890055FBFF /* XCRemoteSwiftPackageReference "firebase-ios-sdk" */;
			productName = FirebasePerformance;
		};
		259A029F2CDE90890055FBFF /* FirebaseRemoteConfig */ = {
			isa = XCSwiftPackageProductDependency;
			package = 259A02762CDE90890055FBFF /* XCRemoteSwiftPackageReference "firebase-ios-sdk" */;
			productName = FirebaseRemoteConfig;
		};
		259A02A12CDE90890055FBFF /* FirebaseStorage */ = {
			isa = XCSwiftPackageProductDependency;
			package = 259A02762CDE90890055FBFF /* XCRemoteSwiftPackageReference "firebase-ios-sdk" */;
			productName = FirebaseStorage;
		};
		259A02A32CDE90890055FBFF /* FirebaseStorageCombine-Community */ = {
			isa = XCSwiftPackageProductDependency;
			package = 259A02762CDE90890055FBFF /* XCRemoteSwiftPackageReference "firebase-ios-sdk" */;
			productName = "FirebaseStorageCombine-Community";
		};
		259A02A52CDE90890055FBFF /* FirebaseVertexAI */ = {
			isa = XCSwiftPackageProductDependency;
			package = 259A02762CDE90890055FBFF /* XCRemoteSwiftPackageReference "firebase-ios-sdk" */;
			productName = FirebaseVertexAI;
		};
/* End XCSwiftPackageProductDependency section */
	};
	rootObject = 2571B0612BA67F5C00E41D93 /* Project object */;
}
